
Microsoft Visual Studio Solution File, Format Version 12.00
# Visual Studio Version 16
VisualStudioVersion = 16.0.29926.136
MinimumVisualStudioVersion = 10.0.40219.1
Project("{FAE04EC0-301F-11D3-BF4B-00C04F79EFBC}") = "RedisCache", "RedisCache\RedisCache.csproj", "{DCA97B28-5258-4434-B5E0-1C1011DF063A}"
EndProject
Global
	GlobalSection(SolutionConfigurationPlatforms) = preSolution
		Debug|Any CPU = Debug|Any CPU
		Release|Any CPU = Release|Any CPU
	EndGlobalSection
	GlobalSection(ProjectConfigurationPlatforms) = postSolution
		{DCA97B28-5258-4434-B5E0-1C1011DF063A}.Debug|Any CPU.ActiveCfg = Debug|Any CPU
		{DCA97B28-5258-4434-B5E0-1C1011DF063A}.Debug|Any CPU.Build.0 = Debug|Any CPU
		{DCA97B28-5258-4434-B5E0-1C1011DF063A}.Release|Any CPU.ActiveCfg = Release|Any CPU
		{DCA97B28-5258-4434-B5E0-1C1011DF063A}.Release|Any CPU.Build.0 = Release|Any CPU
	EndGlobalSection
	GlobalSection(SolutionProperties) = preSolution
		HideSolutionNode = FALSE
	EndGlobalSection
	GlobalSection(ExtensibilityGlobals) = postSolution
		SolutionGuid = {08A279CE-70CD-4521-BCF9-FC6386D10EFD}
	EndGlobalSection
EndGlobal
